
Microsoft Visual Studio Solution File, Format Version 12.00
# Visual Studio 15
VisualStudioVersion = 15.0.28307.438
MinimumVisualStudioVersion = 10.0.40219.1
Project("{FAE04EC0-301F-11D3-BF4B-00C04F79EFBC}") = "FS4N", "FS4N\FS4N.csproj", "{C6140A5D-C955-4905-9E16-09C493F623A8}"
EndProject
Global
	GlobalSection(SolutionConfigurationPlatforms) = preSolution
		Debug|Any CPU = Debug|Any CPU
		Release|Any CPU = Release|Any CPU
	EndGlobalSection
	GlobalSection(ProjectConfigurationPlatforms) = postSolution
		{C6140A5D-C955-4905-9E16-09C493F623A8}.Debug|Any CPU.ActiveCfg = Debug|Any CPU
		{C6140A5D-C955-4905-9E16-09C493F623A8}.Debug|Any CPU.Build.0 = Debug|Any CPU
		{C6140A5D-C955-4905-9E16-09C493F623A8}.Release|Any CPU.ActiveCfg = Release|Any CPU
		{C6140A5D-C955-4905-9E16-09C493F623A8}.Release|Any CPU.Build.0 = Release|Any CPU
	EndGlobalSection
	GlobalSection(SolutionProperties) = preSolution
		HideSolutionNode = FALSE
	EndGlobalSection
	GlobalSection(ExtensibilityGlobals) = postSolution
		SolutionGuid = {FB50FBE9-92F1-41FC-AE7F-1D02C91E72B0}
	EndGlobalSection
EndGlobal
